
Microsoft Visual Studio Solution File, Format Version 12.00
# Visual Studio Version 17
VisualStudioVersion = 17.2.32630.192
MinimumVisualStudioVersion = 10.0.40219.1
Project("{FAE04EC0-301F-11D3-BF4B-00C04F79EFBC}") = "MSJServer", "MSJServer\MSJServer.csproj", "{212417E8-5537-4119-8095-568498186597}"
EndProject
Global
	GlobalSection(SolutionConfigurationPlatforms) = preSolution
		Debug|Any CPU = Debug|Any CPU
		Release|Any CPU = Release|Any CPU
	EndGlobalSection
	GlobalSection(ProjectConfigurationPlatforms) = postSolution
		{212417E8-5537-4119-8095-568498186597}.Debug|Any CPU.ActiveCfg = Debug|Any CPU
		{212417E8-5537-4119-8095-568498186597}.Debug|Any CPU.Build.0 = Debug|Any CPU
		{212417E8-5537-4119-8095-568498186597}.Release|Any CPU.ActiveCfg = Release|Any CPU
		{212417E8-5537-4119-8095-568498186597}.Release|Any CPU.Build.0 = Release|Any CPU
	EndGlobalSection
	GlobalSection(SolutionProperties) = preSolution
		HideSolutionNode = FALSE
	EndGlobalSection
	GlobalSection(ExtensibilityGlobals) = postSolution
		SolutionGuid = {A16B7FD7-0A08-441B-A68E-553782E3B073}
	EndGlobalSection
EndGlobal
